
Microsoft Visual Studio Solution File, Format Version 12.00
Project("{FAE04EC0-301F-11D3-BF4B-00C04F79EFBC}") = "Day1", "Day1\Day1.csproj", "{E20A2878-8E04-42C0-A8E8-9F3E86C19AA9}"
EndProject
Project("{FAE04EC0-301F-11D3-BF4B-00C04F79EFBC}") = "Day2", "Day2\Day2.csproj", "{C84B4C8A-F27A-49F3-9542-B5161F3C6C2B}"
EndProject
Project("{FAE04EC0-301F-11D3-BF4B-00C04F79EFBC}") = "Day3", "Day3\Day3.csproj", "{CC129E2A-8C72-4EDD-997B-D5148DEBBB8B}"
EndProject
Project("{FAE04EC0-301F-11D3-BF4B-00C04F79EFBC}") = "Day4", "Day4\Day4.csproj", "{51B37C47-80C7-4FB6-BE39-46B28246F26F}"
EndProject
Project("{FAE04EC0-301F-11D3-BF4B-00C04F79EFBC}") = "Day5", "Day5\Day5.csproj", "{EA68A9A2-CEBC-4E7A-A437-3EFD09504AC2}"
EndProject
Project("{FAE04EC0-301F-11D3-BF4B-00C04F79EFBC}") = "Day6", "Day6\Day6.csproj", "{F7493234-F341-42A3-83BA-EAC41CFC797F}"
EndProject
Project("{FAE04EC0-301F-11D3-BF4B-00C04F79EFBC}") = "Day7", "Day7\Day7.csproj", "{64ADE5FC-FF10-4634-AA4B-600D2B8E10EC}"
EndProject
Project("{FAE04EC0-301F-11D3-BF4B-00C04F79EFBC}") = "Day8", "Day8\Day8.csproj", "{E3FF6413-69C4-49BC-B54B-B5F57EED8992}"
EndProject
Project("{FAE04EC0-301F-11D3-BF4B-00C04F79EFBC}") = "Day9", "Day9\Day9.csproj", "{46730F4C-36B9-4108-BFAC-2704F480F5D1}"
EndProject
Project("{FAE04EC0-301F-11D3-BF4B-00C04F79EFBC}") = "Day10", "Day10\Day10.csproj", "{44D2092A-06D8-487E-89C7-90A138004896}"
EndProject
Global
	GlobalSection(SolutionConfigurationPlatforms) = preSolution
		Debug|Any CPU = Debug|Any CPU
		Release|Any CPU = Release|Any CPU
	EndGlobalSection
	GlobalSection(ProjectConfigurationPlatforms) = postSolution
		{E20A2878-8E04-42C0-A8E8-9F3E86C19AA9}.Debug|Any CPU.ActiveCfg = Debug|Any CPU
		{E20A2878-8E04-42C0-A8E8-9F3E86C19AA9}.Debug|Any CPU.Build.0 = Debug|Any CPU
		{E20A2878-8E04-42C0-A8E8-9F3E86C19AA9}.Release|Any CPU.ActiveCfg = Release|Any CPU
		{E20A2878-8E04-42C0-A8E8-9F3E86C19AA9}.Release|Any CPU.Build.0 = Release|Any CPU
		{C84B4C8A-F27A-49F3-9542-B5161F3C6C2B}.Debug|Any CPU.ActiveCfg = Debug|Any CPU
		{C84B4C8A-F27A-49F3-9542-B5161F3C6C2B}.Debug|Any CPU.Build.0 = Debug|Any CPU
		{C84B4C8A-F27A-49F3-9542-B5161F3C6C2B}.Release|Any CPU.ActiveCfg = Release|Any CPU
		{C84B4C8A-F27A-49F3-9542-B5161F3C6C2B}.Release|Any CPU.Build.0 = Release|Any CPU
		{CC129E2A-8C72-4EDD-997B-D5148DEBBB8B}.Debug|Any CPU.ActiveCfg = Debug|Any CPU
		{CC129E2A-8C72-4EDD-997B-D5148DEBBB8B}.Debug|Any CPU.Build.0 = Debug|Any CPU
		{CC129E2A-8C72-4EDD-997B-D5148DEBBB8B}.Release|Any CPU.ActiveCfg = Release|Any CPU
		{CC129E2A-8C72-4EDD-997B-D5148DEBBB8B}.Release|Any CPU.Build.0 = Release|Any CPU
		{51B37C47-80C7-4FB6-BE39-46B28246F26F}.Debug|Any CPU.ActiveCfg = Debug|Any CPU
		{51B37C47-80C7-4FB6-BE39-46B28246F26F}.Debug|Any CPU.Build.0 = Debug|Any CPU
		{51B37C47-80C7-4FB6-BE39-46B28246F26F}.Release|Any CPU.ActiveCfg = Release|Any CPU
		{51B37C47-80C7-4FB6-BE39-46B28246F26F}.Release|Any CPU.Build.0 = Release|Any CPU
		{EA68A9A2-CEBC-4E7A-A437-3EFD09504AC2}.Debug|Any CPU.ActiveCfg = Debug|Any CPU
		{EA68A9A2-CEBC-4E7A-A437-3EFD09504AC2}.Debug|Any CPU.Build.0 = Debug|Any CPU
		{EA68A9A2-CEBC-4E7A-A437-3EFD09504AC2}.Release|Any CPU.ActiveCfg = Release|Any CPU
		{EA68A9A2-CEBC-4E7A-A437-3EFD09504AC2}.Release|Any CPU.Build.0 = Release|Any CPU
		{F7493234-F341-42A3-83BA-EAC41CFC797F}.Debug|Any CPU.ActiveCfg = Debug|Any CPU
		{F7493234-F341-42A3-83BA-EAC41CFC797F}.Debug|Any CPU.Build.0 = Debug|Any CPU
		{F7493234-F341-42A3-83BA-EAC41CFC797F}.Release|Any CPU.ActiveCfg = Release|Any CPU
		{F7493234-F341-42A3-83BA-EAC41CFC797F}.Release|Any CPU.Build.0 = Release|Any CPU
		{64ADE5FC-FF10-4634-AA4B-600D2B8E10EC}.Debug|Any CPU.ActiveCfg = Debug|Any CPU
		{64ADE5FC-FF10-4634-AA4B-600D2B8E10EC}.Debug|Any CPU.Build.0 = Debug|Any CPU
		{64ADE5FC-FF10-4634-AA4B-600D2B8E10EC}.Release|Any CPU.ActiveCfg = Release|Any CPU
		{64ADE5FC-FF10-4634-AA4B-600D2B8E10EC}.Release|Any CPU.Build.0 = Release|Any CPU
		{44D2092A-06D8-487E-89C7-90A138004896}.Debug|Any CPU.ActiveCfg = Debug|Any CPU
		{44D2092A-06D8-487E-89C7-90A138004896}.Debug|Any CPU.Build.0 = Debug|Any CPU
		{44D2092A-06D8-487E-89C7-90A138004896}.Release|Any CPU.ActiveCfg = Release|Any CPU
		{44D2092A-06D8-487E-89C7-90A138004896}.Release|Any CPU.Build.0 = Release|Any CPU
		{E3FF6413-69C4-49BC-B54B-B5F57EED8992}.Debug|Any CPU.ActiveCfg = Debug|Any CPU
		{E3FF6413-69C4-49BC-B54B-B5F57EED8992}.Debug|Any CPU.Build.0 = Debug|Any CPU
		{E3FF6413-69C4-49BC-B54B-B5F57EED8992}.Release|Any CPU.ActiveCfg = Release|Any CPU
		{E3FF6413-69C4-49BC-B54B-B5F57EED8992}.Release|Any CPU.Build.0 = Release|Any CPU
		{46730F4C-36B9-4108-BFAC-2704F480F5D1}.Debug|Any CPU.ActiveCfg = Debug|Any CPU
		{46730F4C-36B9-4108-BFAC-2704F480F5D1}.Debug|Any CPU.Build.0 = Debug|Any CPU
		{46730F4C-36B9-4108-BFAC-2704F480F5D1}.Release|Any CPU.ActiveCfg = Release|Any CPU
		{46730F4C-36B9-4108-BFAC-2704F480F5D1}.Release|Any CPU.Build.0 = Release|Any CPU
	EndGlobalSection
EndGlobal
